// !$*UTF8*$!
{
	archiveVersion = 1;
	classes = {
	};
	objectVersion = 56;
	objects = {

/* Begin PBXBuildFile section */
		F82A37E72BFEFAFD005ED7B0 /* AppDelegate.swift in Sources */ = {isa = PBXBuildFile; fileRef = F82A37E62BFEFAFD005ED7B0 /* AppDelegate.swift */; };
		F82A37E92BFEFAFD005ED7B0 /* SceneDelegate.swift in Sources */ = {isa = PBXBuildFile; fileRef = F82A37E82BFEFAFD005ED7B0 /* SceneDelegate.swift */; };
		F82A37EB2BFEFAFD005ED7B0 /* ViewController.swift in Sources */ = {isa = PBXBuildFile; fileRef = F82A37EA2BFEFAFD005ED7B0 /* ViewController.swift */; };
		F82A37EE2BFEFAFD005ED7B0 /* Base in Resources */ = {isa = PBXBuildFile; fileRef = F82A37ED2BFEFAFD005ED7B0 /* Base */; };
		F82A37F02BFEFAFD005ED7B0 /* Assets.xcassets in Resources */ = {isa = PBXBuildFile; fileRef = F82A37EF2BFEFAFD005ED7B0 /* Assets.xcassets */; };
		F82A37F32BFEFAFD005ED7B0 /* Base in Resources */ = {isa = PBXBuildFile; fileRef = F82A37F22BFEFAFD005ED7B0 /* Base */; };
		F82A37FD2BFEFC02005ED7B0 /* SwitchTableViewCell.xib in Resources */ = {isa = PBXBuildFile; fileRef = F82A37FC2BFEFC02005ED7B0 /* SwitchTableViewCell.xib */; };
		F82A37FE2BFEFC02005ED7B0 /* SwitchTableViewCell.swift in Sources */ = {isa = PBXBuildFile; fileRef = F82A37FB2BFEFC02005ED7B0 /* SwitchTableViewCell.swift */; };
		F82A38012BFEFDA8005ED7B0 /* TextFieldTableViewCell.xib in Resources */ = {isa = PBXBuildFile; fileRef = F82A38002BFEFDA8005ED7B0 /* TextFieldTableViewCell.xib */; };
		F82A38022BFEFDA8005ED7B0 /* TextFieldTableViewCell.swift in Sources */ = {isa = PBXBuildFile; fileRef = F82A37FF2BFEFDA8005ED7B0 /* TextFieldTableViewCell.swift */; };
/* End PBXBuildFile section */

/* Begin PBXFileReference section */
		F82A37E32BFEFAFD005ED7B0 /* TestTableView.app */ = {isa = PBXFileReference; explicitFileType = wrapper.application; includeInIndex = 0; path = TestTableView.app; sourceTree = BUILT_PRODUCTS_DIR; };
		F82A37E62BFEFAFD005ED7B0 /* AppDelegate.swift */ = {isa = PBXFileReference; lastKnownFileType = sourcecode.swift; path = AppDelegate.swift; sourceTree = "<group>"; };
		F82A37E82BFEFAFD005ED7B0 /* SceneDelegate.swift */ = {isa = PBXFileReference; lastKnownFileType = sourcecode.swift; path = SceneDelegate.swift; sourceTree = "<group>"; };
		F82A37EA2BFEFAFD005ED7B0 /* ViewController.swift */ = {isa = PBXFileReference; lastKnownFileType = sourcecode.swift; path = ViewController.swift; sourceTree = "<group>"; };
		F82A37ED2BFEFAFD005ED7B0 /* Base */ = {isa = PBXFileReference; lastKnownFileType = file.storyboard; name = Base; path = Base.lproj/Main.storyboard; sourceTree = "<group>"; };
		F82A37EF2BFEFAFD005ED7B0 /* Assets.xcassets */ = {isa = PBXFileReference; lastKnownFileType = folder.assetcatalog; path = Assets.xcassets; sourceTree = "<group>"; };
		F82A37F22BFEFAFD005ED7B0 /* Base */ = {isa = PBXFileReference; lastKnownFileType = file.storyboard; name = Base; path = Base.lproj/LaunchScreen.storyboard; sourceTree = "<group>"; };
		F82A37F42BFEFAFD005ED7B0 /* Info.plist */ = {isa = PBXFileReference; lastKnownFileType = text.plist.xml; path = Info.plist; sourceTree = "<group>"; };
		F82A37FB2BFEFC02005ED7B0 /* SwitchTableViewCell.swift */ = {isa = PBXFileReference; lastKnownFileType = sourcecode.swift; path = SwitchTableViewCell.swift; sourceTree = "<group>"; };
		F82A37FC2BFEFC02005ED7B0 /* SwitchTableViewCell.xib */ = {isa = PBXFileReference; lastKnownFileType = file.xib; path = SwitchTableViewCell.xib; sourceTree = "<group>"; };
		F82A37FF2BFEFDA8005ED7B0 /* TextFieldTableViewCell.swift */ = {isa = PBXFileReference; lastKnownFileType = sourcecode.swift; path = TextFieldTableViewCell.swift; sourceTree = "<group>"; };
		F82A38002BFEFDA8005ED7B0 /* TextFieldTableViewCell.xib */ = {isa = PBXFileReference; lastKnownFileType = file.xib; path = TextFieldTableViewCell.xib; sourceTree = "<group>"; };
/* End PBXFileReference section */

/* Begin PBXFrameworksBuildPhase section */
		F82A37E02BFEFAFD005ED7B0 /* Frameworks */ = {
			isa = PBXFrameworksBuildPhase;
			buildActionMask = 2147483647;
			files = (
			);
			runOnlyForDeploymentPostprocessing = 0;
		};
/* End PBXFrameworksBuildPhase section */

/* Begin PBXGroup section */
		F82A37DA2BFEFAFD005ED7B0 = {
			isa = PBXGroup;
			children = (
				F82A37E52BFEFAFD005ED7B0 /* TestTableView */,
				F82A37E42BFEFAFD005ED7B0 /* Products */,
			);
			sourceTree = "<group>";
		};
		F82A37E42BFEFAFD005ED7B0 /* Products */ = {
			isa = PBXGroup;
			children = (
				F82A37E32BFEFAFD005ED7B0 /* TestTableView.app */,
			);
			name = Products;
			sourceTree = "<group>";
		};
		F82A37E52BFEFAFD005ED7B0 /* TestTableView */ = {
			isa = PBXGroup;
			children = (
				F82A37FA2BFEFB06005ED7B0 /* Application */,
				F82A37EA2BFEFAFD005ED7B0 /* ViewController.swift */,
				F82A37EC2BFEFAFD005ED7B0 /* Main.storyboard */,
				F82A37F42BFEFAFD005ED7B0 /* Info.plist */,
				F82A37FB2BFEFC02005ED7B0 /* SwitchTableViewCell.swift */,
				F82A37FF2BFEFDA8005ED7B0 /* TextFieldTableViewCell.swift */,
				F82A37FC2BFEFC02005ED7B0 /* SwitchTableViewCell.xib */,
				F82A38002BFEFDA8005ED7B0 /* TextFieldTableViewCell.xib */,
			);
			path = TestTableView;
			sourceTree = "<group>";
		};
		F82A37FA2BFEFB06005ED7B0 /* Application */ = {
			isa = PBXGroup;
			children = (
				F82A37E62BFEFAFD005ED7B0 /* AppDelegate.swift */,
				F82A37E82BFEFAFD005ED7B0 /* SceneDelegate.swift */,
				F82A37EF2BFEFAFD005ED7B0 /* Assets.xcassets */,
				F82A37F12BFEFAFD005ED7B0 /* LaunchScreen.storyboard */,
			);
			path = Application;
			sourceTree = "<group>";
		};
/* End PBXGroup section */

/* Begin PBXNativeTarget section */
		F82A37E22BFEFAFD005ED7B0 /* TestTableView */ = {
			isa = PBXNativeTarget;
			buildConfigurationList = F82A37F72BFEFAFD005ED7B0 /* Build configuration list for PBXNativeTarget "TestTableView" */;
			buildPhases = (
				F82A37DF2BFEFAFD005ED7B0 /* Sources */,
				F82A37E02BFEFAFD005ED7B0 /* Frameworks */,
				F82A37E12BFEFAFD005ED7B0 /* Resources */,
			);
			buildRules = (
			);
			dependencies = (
			);
			name = TestTableView;
			productName = TestTableView;
			productReference = F82A37E32BFEFAFD005ED7B0 /* TestTableView.app */;
			productType = "com.apple.product-type.application";
		};
/* End PBXNativeTarget section */

/* Begin PBXProject section */
		F82A37DB2BFEFAFD005ED7B0 /* Project object */ = {
			isa = PBXProject;
			attributes = {
				BuildIndependentTargetsInParallel = 1;
				LastSwiftUpdateCheck = 1530;
				LastUpgradeCheck = 1530;
				TargetAttributes = {
					F82A37E22BFEFAFD005ED7B0 = {
						CreatedOnToolsVersion = 15.3;
					};
				};
			};
			buildConfigurationList = F82A37DE2BFEFAFD005ED7B0 /* Build configuration list for PBXProject "TestTableView" */;
			compatibilityVersion = "Xcode 14.0";
			developmentRegion = en;
			hasScannedForEncodings = 0;
			knownRegions = (
				en,
				Base,
			);
			mainGroup = F82A37DA2BFEFAFD005ED7B0;
			productRefGroup = F82A37E42BFEFAFD005ED7B0 /* Products */;
			projectDirPath = "";
			projectRoot = "";
			targets = (
				F82A37E22BFEFAFD005ED7B0 /* TestTableView */,
			);
		};
/* End PBXProject section */

/* Begin PBXResourcesBuildPhase section */
		F82A37E12BFEFAFD005ED7B0 /* Resources */ = {
			isa = PBXResourcesBuildPhase;
			buildActionMask = 2147483647;
			files = (
				F82A37F02BFEFAFD005ED7B0 /* Assets.xcassets in Resources */,
				F82A37FD2BFEFC02005ED7B0 /* SwitchTableViewCell.xib in Resources */,
				F82A38012BFEFDA8005ED7B0 /* TextFieldTableViewCell.xib in Resources */,
				F82A37F32BFEFAFD005ED7B0 /* Base in Resources */,
				F82A37EE2BFEFAFD005ED7B0 /* Base in Resources */,
			);
			runOnlyForDeploymentPostprocessing = 0;
		};
/* End PBXResourcesBuildPhase section */

/* Begin PBXSourcesBuildPhase section */
		F82A37DF2BFEFAFD005ED7B0 /* Sources */ = {
			isa = PBXSourcesBuildPhase;
			buildActionMask = 2147483647;
			files = (
				F82A37EB2BFEFAFD005ED7B0 /* ViewController.swift in Sources */,
				F82A37FE2BFEFC02005ED7B0 /* SwitchTableViewCell.swift in Sources */,
				F82A37E72BFEFAFD005ED7B0 /* AppDelegate.swift in Sources */,
				F82A37E92BFEFAFD005ED7B0 /* SceneDelegate.swift in Sources */,
				F82A38022BFEFDA8005ED7B0 /* TextFieldTableViewCell.swift in Sources */,
			);
			runOnlyForDeploymentPostprocessing = 0;
		};
/* End PBXSourcesBuildPhase section */

/* Begin PBXVariantGroup section */
		F82A37EC2BFEFAFD005ED7B0 /* Main.storyboard */ = {
			isa = PBXVariantGroup;
			children = (
				F82A37ED2BFEFAFD005ED7B0 /* Base */,
			);
			name = Main.storyboard;
			sourceTree = "<group>";
		};
		F82A37F12BFEFAFD005ED7B0 /* LaunchScreen.storyboard */ = {
			isa = PBXVariantGroup;
			children = (
				F82A37F22BFEFAFD005ED7B0 /* Base */,
			);
			name = LaunchScreen.storyboard;
			sourceTree = "<group>";
		};
/* End PBXVariantGroup section */

/* Begin XCBuildConfiguration section */
		F82A37F52BFEFAFD005ED7B0 /* Debug */ = {
			isa = XCBuildConfiguration;
			buildSettings = {
				ALWAYS_SEARCH_USER_PATHS = NO;
				ASSETCATALOG_COMPILER_GENERATE_SWIFT_ASSET_SYMBOL_EXTENSIONS = YES;
				CLANG_ANALYZER_NONNULL = YES;
				CLANG_ANALYZER_NUMBER_OBJECT_CONVERSION = YES_AGGRESSIVE;
				CLANG_CXX_LANGUAGE_STANDARD = "gnu++20";
				CLANG_ENABLE_MODULES = YES;
				CLANG_ENABLE_OBJC_ARC = YES;
				CLANG_ENABLE_OBJC_WEAK = YES;
				CLANG_WARN_BLOCK_CAPTURE_AUTORELEASING = YES;
				CLANG_WARN_BOOL_CONVERSION = YES;
				CLANG_WARN_COMMA = YES;
				CLANG_WARN_CONSTANT_CONVERSION = YES;
				CLANG_WARN_DEPRECATED_OBJC_IMPLEMENTATIONS = YES;
				CLANG_WARN_DIRECT_OBJC_ISA_USAGE = YES_ERROR;
				CLANG_WARN_DOCUMENTATION_COMMENTS = YES;
				CLANG_WARN_EMPTY_BODY = YES;
				CLANG_WARN_ENUM_CONVERSION = YES;
				CLANG_WARN_INFINITE_RECURSION = YES;
				CLANG_WARN_INT_CONVERSION = YES;
				CLANG_WARN_NON_LITERAL_NULL_CONVERSION = YES;
				CLANG_WARN_OBJC_IMPLICIT_RETAIN_SELF = YES;
				CLANG_WARN_OBJC_LITERAL_CONVERSION = YES;
				CLANG_WARN_OBJC_ROOT_CLASS = YES_ERROR;
				CLANG_WARN_QUOTED_INCLUDE_IN_FRAMEWORK_HEADER = YES;
				CLANG_WARN_RANGE_LOOP_ANALYSIS = YES;
				CLANG_WARN_STRICT_PROTOTYPES = YES;
				CLANG_WARN_SUSPICIOUS_MOVE = YES;
				CLANG_WARN_UNGUARDED_AVAILABILITY = YES_AGGRESSIVE;
				CLANG_WARN_UNREACHABLE_CODE = YES;
				CLANG_WARN__DUPLICATE_METHOD_MATCH = YES;
				COPY_PHASE_STRIP = NO;
				DEBUG_INFORMATION_FORMAT = dwarf;
				ENABLE_STRICT_OBJC_MSGSEND = YES;
				ENABLE_TESTABILITY = YES;
				ENABLE_USER_SCRIPT_SANDBOXING = YES;
				GCC_C_LANGUAGE_STANDARD = gnu17;
				GCC_DYNAMIC_NO_PIC = NO;
				GCC_NO_COMMON_BLOCKS = YES;
				GCC_OPTIMIZATION_LEVEL = 0;
				GCC_PREPROCESSOR_DEFINITIONS = (
					"DEBUG=1",
					"$(inherited)",
				);
				GCC_WARN_64_TO_32_BIT_CONVERSION = YES;
				GCC_WARN_ABOUT_RETURN_TYPE = YES_ERROR;
				GCC_WARN_UNDECLARED_SELECTOR = YES;
				GCC_WARN_UNINITIALIZED_AUTOS = YES_AGGRESSIVE;
				GCC_WARN_UNUSED_FUNCTION = YES;
				GCC_WARN_UNUSED_VARIABLE = YES;
				IPHONEOS_DEPLOYMENT_TARGET = 17.4;
				LOCALIZATION_PREFERS_STRING_CATALOGS = YES;
				MTL_ENABLE_DEBUG_INFO = INCLUDE_SOURCE;
				MTL_FAST_MATH = YES;
				ONLY_ACTIVE_ARCH = YES;
				SDKROOT = iphoneos;
				SWIFT_ACTIVE_COMPILATION_CONDITIONS = "DEBUG $(inherited)";
				SWIFT_OPTIMIZATION_LEVEL = "-Onone";
			};
			name = Debug;
		};
		F82A37F62BFEFAFD005ED7B0 /* Release */ = {
			isa = XCBuildConfiguration;
			buildSettings = {
				ALWAYS_SEARCH_USER_PATHS = NO;
				ASSETCATALOG_COMPILER_GENERATE_SWIFT_ASSET_SYMBOL_EXTENSIONS = YES;
				CLANG_ANALYZER_NONNULL = YES;
				CLANG_ANALYZER_NUMBER_OBJECT_CONVERSION = YES_AGGRESSIVE;
				CLANG_CXX_LANGUAGE_STANDARD = "gnu++20";
				CLANG_ENABLE_MODULES = YES;
				CLANG_ENABLE_OBJC_ARC = YES;
				CLANG_ENABLE_OBJC_WEAK = YES;
				CLANG_WARN_BLOCK_CAPTURE_AUTORELEASING = YES;
				CLANG_WARN_BOOL_CONVERSION = YES;
				CLANG_WARN_COMMA = YES;
				CLANG_WARN_CONSTANT_CONVERSION = YES;
				CLANG_WARN_DEPRECATED_OBJC_IMPLEMENTATIONS = YES;
				CLANG_WARN_DIRECT_OBJC_ISA_USAGE = YES_ERROR;
				CLANG_WARN_DOCUMENTATION_COMMENTS = YES;
				CLANG_WARN_EMPTY_BODY = YES;
				CLANG_WARN_ENUM_CONVERSION = YES;
				CLANG_WARN_INFINITE_RECURSION = YES;
				CLANG_WARN_INT_CONVERSION = YES;
				CLANG_WARN_NON_LITERAL_NULL_CONVERSION = YES;
				CLANG_WARN_OBJC_IMPLICIT_RETAIN_SELF = YES;
				CLANG_WARN_OBJC_LITERAL_CONVERSION = YES;
				CLANG_WARN_OBJC_ROOT_CLASS = YES_ERROR;
				CLANG_WARN_QUOTED_INCLUDE_IN_FRAMEWORK_HEADER = YES;
				CLANG_WARN_RANGE_LOOP_ANALYSIS = YES;
				CLANG_WARN_STRICT_PROTOTYPES = YES;
				CLANG_WARN_SUSPICIOUS_MOVE = YES;
				CLANG_WARN_UNGUARDED_AVAILABILITY = YES_AGGRESSIVE;
				CLANG_WARN_UNREACHABLE_CODE = YES;
				CLANG_WARN__DUPLICATE_METHOD_MATCH = YES;
				COPY_PHASE_STRIP = NO;
				DEBUG_INFORMATION_FORMAT = "dwarf-with-dsym";
				ENABLE_NS_ASSERTIONS = NO;
				ENABLE_STRICT_OBJC_MSGSEND = YES;
				ENABLE_USER_SCRIPT_SANDBOXING = YES;
				GCC_C_LANGUAGE_STANDARD = gnu17;
				GCC_NO_COMMON_BLOCKS = YES;
				GCC_WARN_64_TO_32_BIT_CONVERSION = YES;
				GCC_WARN_ABOUT_RETURN_TYPE = YES_ERROR;
				GCC_WARN_UNDECLARED_SELECTOR = YES;
				GCC_WARN_UNINITIALIZED_AUTOS = YES_AGGRESSIVE;
				GCC_WARN_UNUSED_FUNCTION = YES;
				GCC_WARN_UNUSED_VARIABLE = YES;
				IPHONEOS_DEPLOYMENT_TARGET = 17.4;
				LOCALIZATION_PREFERS_STRING_CATALOGS = YES;
				MTL_ENABLE_DEBUG_INFO = NO;
				MTL_FAST_MATH = YES;
				SDKROOT = iphoneos;
				SWIFT_COMPILATION_MODE = wholemodule;
				VALIDATE_PRODUCT = YES;
			};
			name = Release;
		};
		F82A37F82BFEFAFD005ED7B0 /* Debug */ = {
			isa = XCBuildConfiguration;
			buildSettings = {
				ASSETCATALOG_COMPILER_APPICON_NAME = AppIcon;
				ASSETCATALOG_COMPILER_GLOBAL_ACCENT_COLOR_NAME = AccentColor;
				CODE_SIGN_STYLE = Automatic;
				CURRENT_PROJECT_VERSION = 1;
				GENERATE_INFOPLIST_FILE = YES;
				INFOPLIST_FILE = TestTableView/Info.plist;
				INFOPLIST_KEY_UIApplicationSupportsIndirectInputEvents = YES;
				INFOPLIST_KEY_UILaunchStoryboardName = LaunchScreen;
				INFOPLIST_KEY_UIMainStoryboardFile = Main;
				INFOPLIST_KEY_UISupportedInterfaceOrientations_iPad = "UIInterfaceOrientationPortrait UIInterfaceOrientationPortraitUpsideDown UIInterfaceOrientationLandscapeLeft UIInterfaceOrientationLandscapeRight";
				INFOPLIST_KEY_UISupportedInterfaceOrientations_iPhone = "UIInterfaceOrientationPortrait UIInterfaceOrientationLandscapeLeft UIInterfaceOrientationLandscapeRight";
				LD_RUNPATH_SEARCH_PATHS = (
					"$(inherited)",
					"@executable_path/Frameworks",
				);
				MARKETING_VERSION = 1.0;
				PRODUCT_BUNDLE_IDENTIFIER = MyApp.TestTableView;
				PRODUCT_NAME = "$(TARGET_NAME)";
				SWIFT_EMIT_LOC_STRINGS = YES;
				SWIFT_VERSION = 5.0;
				TARGETED_DEVICE_FAMILY = "1,2";
			};
			name = Debug;
		};
		F82A37F92BFEFAFD005ED7B0 /* Release */ = {
			isa = XCBuildConfiguration;
			buildSettings = {
				ASSETCATALOG_COMPILER_APPICON_NAME = AppIcon;
				ASSETCATALOG_COMPILER_GLOBAL_ACCENT_COLOR_NAME = AccentColor;
				CODE_SIGN_STYLE = Automatic;
				CURRENT_PROJECT_VERSION = 1;
				GENERATE_INFOPLIST_FILE = YES;
				INFOPLIST_FILE = TestTableView/Info.plist;
				INFOPLIST_KEY_UIApplicationSupportsIndirectInputEvents = YES;
				INFOPLIST_KEY_UILaunchStoryboardName = LaunchScreen;
				INFOPLIST_KEY_UIMainStoryboardFile = Main;
				INFOPLIST_KEY_UISupportedInterfaceOrientations_iPad = "UIInterfaceOrientationPortrait UIInterfaceOrientationPortraitUpsideDown UIInterfaceOrientationLandscapeLeft UIInterfaceOrientationLandscapeRight";
				INFOPLIST_KEY_UISupportedInterfaceOrientations_iPhone = "UIInterfaceOrientationPortrait UIInterfaceOrientationLandscapeLeft UIInterfaceOrientationLandscapeRight";
				LD_RUNPATH_SEARCH_PATHS = (
					"$(inherited)",
					"@executable_path/Frameworks",
				);
				MARKETING_VERSION = 1.0;
				PRODUCT_BUNDLE_IDENTIFIER = MyApp.TestTableView;
				PRODUCT_NAME = "$(TARGET_NAME)";
				SWIFT_EMIT_LOC_STRINGS = YES;
				SWIFT_VERSION = 5.0;
				TARGETED_DEVICE_FAMILY = "1,2";
			};
			name = Release;
		};
/* End XCBuildConfiguration section */

/* Begin XCConfigurationList section */
		F82A37DE2BFEFAFD005ED7B0 /* Build configuration list for PBXProject "TestTableView" */ = {
			isa = XCConfigurationList;
			buildConfigurations = (
				F82A37F52BFEFAFD005ED7B0 /* Debug */,
				F82A37F62BFEFAFD005ED7B0 /* Release */,
			);
			defaultConfigurationIsVisible = 0;
			defaultConfigurationName = Release;
		};
		F82A37F72BFEFAFD005ED7B0 /* Build configuration list for PBXNativeTarget "TestTableView" */ = {
			isa = XCConfigurationList;
			buildConfigurations = (
				F82A37F82BFEFAFD005ED7B0 /* Debug */,
				F82A37F92BFEFAFD005ED7B0 /* Release */,
			);
			defaultConfigurationIsVisible = 0;
			defaultConfigurationName = Release;
		};
/* End XCConfigurationList section */
	};
	rootObject = F82A37DB2BFEFAFD005ED7B0 /* Project object */;
}
